
Microsoft Visual Studio Solution File, Format Version 12.00
# Visual Studio 15
VisualStudioVersion = 15.0.27130.2036
MinimumVisualStudioVersion = 10.0.40219.1
Project("{FAE04EC0-301F-11D3-BF4B-00C04F79EFBC}") = "Terrasoft.Configuration.Tests", "TestApp\Terrasoft.Configuration.Tests.csproj", "{DB292FBB-565A-45D4-9860-B228F9ECC26B}"
EndProject
Global
	GlobalSection(SolutionConfigurationPlatforms) = preSolution
		Debug|Any CPU = Debug|Any CPU
		Release|Any CPU = Release|Any CPU
	EndGlobalSection
	GlobalSection(ProjectConfigurationPlatforms) = postSolution
		{DB292FBB-565A-45D4-9860-B228F9ECC26B}.Debug|Any CPU.ActiveCfg = Debug|Any CPU
		{DB292FBB-565A-45D4-9860-B228F9ECC26B}.Debug|Any CPU.Build.0 = Debug|Any CPU
		{DB292FBB-565A-45D4-9860-B228F9ECC26B}.Release|Any CPU.ActiveCfg = Release|Any CPU
		{DB292FBB-565A-45D4-9860-B228F9ECC26B}.Release|Any CPU.Build.0 = Release|Any CPU
	EndGlobalSection
	GlobalSection(SolutionProperties) = preSolution
		HideSolutionNode = FALSE
	EndGlobalSection
	GlobalSection(ExtensibilityGlobals) = postSolution
		SolutionGuid = {FD987E52-237C-4F30-915A-EA2BA9402F30}
	EndGlobalSection
EndGlobal
